<?xml version="1.0" encoding="utf-8"?>
<Project ToolsVersion="4.0" xmlns="http://schemas.microsoft.com/developer/msbuild/2003">
  <ItemGroup>
    <Filter Include="Source Files">
      <UniqueIdentifier>{4FC737F1-C7A5-4376-A066-2A32D752A2FF}</UniqueIdentifier>
      <Extensions>cpp;c;cc;cxx;def;odl;idl;hpj;bat;asm;asmx</Extensions>
    </Filter>
    <Filter Include="Header Files">
      <UniqueIdentifier>{93995380-89BD-4b04-88EB-625FBE52EBFB}</UniqueIdentifier>
      <Extensions>h;hpp;hxx;hm;inl;inc;xsd</Extensions>
    </Filter>
    <Filter Include="Resource Files">
      <UniqueIdentifier>{67DA6AB6-F800-4c08-8B7A-83BB121AAD01}</UniqueIdentifier>
      <Extensions>rc;ico;cur;bmp;dlg;rc2;rct;bin;rgs;gif;jpg;jpeg;jpe;resx;tiff;tif;png;wav;mfcribbon-ms</Extensions>
    </Filter>
    <Filter Include="Header Files\IE">
      <UniqueIdentifier>{2d863fdc-fe54-463c-8514-1ef46ac9e4bc}</UniqueIdentifier>
    </Filter>
    <Filter Include="Source Files\IE">
      <UniqueIdentifier>{b11182e2-b2cd-4648-aa48-a78519676e61}</UniqueIdentifier>
    </Filter>
    <Filter Include="Header Files\ComBase">
      <UniqueIdentifier>{114858d2-bcee-42a6-9656-22f63450588e}</UniqueIdentifier>
    </Filter>
    <Filter Include="Source Files\ComBase">
      <UniqueIdentifier>{16b6a0b2-a3bd-408f-bbcc-f78d3743d04e}</UniqueIdentifier>
    </Filter>
    <Filter Include="Header Files\MainFrame">
      <UniqueIdentifier>{984e957b-6ca4-4aba-bc01-19ea2638374a}</UniqueIdentifier>
    </Filter>
    <Filter Include="Source Files\MainFrame">
      <UniqueIdentifier>{857a34fc-de0c-4f5e-b90b-3b9eb5f08de7}</UniqueIdentifier>
    </Filter>
  </ItemGroup>
  <ItemGroup>
    <None Include="ReadMe.txt" />
    <None Include="small.ico">
      <Filter>Resource Files</Filter>
    </None>
    <None Include="SmartSurf.ico">
      <Filter>Resource Files</Filter>
    </None>
  </ItemGroup>
  <ItemGroup>
    <ClInclude Include="stdafx.h">
      <Filter>Header Files</Filter>
    </ClInclude>
    <ClInclude Include="targetver.h">
      <Filter>Header Files</Filter>
    </ClInclude>
    <ClInclude Include="Resource.h">
      <Filter>Header Files</Filter>
    </ClInclude>
    <ClInclude Include="SmartSurf.h">
      <Filter>Header Files</Filter>
    </ClInclude>
    <ClInclude Include="IE\SimpleClientSite.h">
      <Filter>Header Files\IE</Filter>
    </ClInclude>
    <ClInclude Include="ComBase\AdvisableBase.h">
      <Filter>Header Files\ComBase</Filter>
    </ClInclude>
    <ClInclude Include="ComBase\IDispatchBase.h">
      <Filter>Header Files\ComBase</Filter>
    </ClInclude>
    <ClInclude Include="ComBase\RefCountBase.h">
      <Filter>Header Files\ComBase</Filter>
    </ClInclude>
    <ClInclude Include="IE\BrowserEvents.h">
      <Filter>Header Files\IE</Filter>
    </ClInclude>
    <ClInclude Include="IE\AxControl.h">
      <Filter>Header Files\IE</Filter>
    </ClInclude>
    <ClInclude Include="IEDef.h">
      <Filter>Header Files\IE</Filter>
    </ClInclude>
    <ClInclude Include="IE\AxUI.h">
      <Filter>Header Files\IE</Filter>
    </ClInclude>
    <ClInclude Include="MainUIUtil.h">
      <Filter>Header Files</Filter>
    </ClInclude>
    <ClInclude Include="IE\ProcessManager.h">
      <Filter>Header Files\IE</Filter>
    </ClInclude>
    <ClInclude Include="IE\ProcessData.h">
      <Filter>Header Files\IE</Filter>
    </ClInclude>
    <ClInclude Include="Module.h">
      <Filter>Header Files</Filter>
    </ClInclude>
    <ClInclude Include="TaskMain.h">
      <Filter>Header Files</Filter>
    </ClInclude>
    <ClInclude Include="MainFrame\MainFrame.h">
      <Filter>Header Files\MainFrame</Filter>
    </ClInclude>
  </ItemGroup>
  <ItemGroup>
    <ClCompile Include="stdafx.cpp">
      <Filter>Source Files</Filter>
    </ClCompile>
    <ClCompile Include="SmartSurf.cpp">
      <Filter>Source Files</Filter>
    </ClCompile>
    <ClCompile Include="IE\SimpleClientSite.cpp">
      <Filter>Source Files\IE</Filter>
    </ClCompile>
    <ClCompile Include="ComBase\IDispatchBase.cpp">
      <Filter>Source Files\ComBase</Filter>
    </ClCompile>
    <ClCompile Include="ComBase\RefCountBase.cpp">
      <Filter>Source Files\ComBase</Filter>
    </ClCompile>
    <ClCompile Include="IE\BrowserEvents.cpp">
      <Filter>Source Files\IE</Filter>
    </ClCompile>
    <ClCompile Include="IE\AxControl.cpp">
      <Filter>Source Files\IE</Filter>
    </ClCompile>
    <ClCompile Include="IE\AxUI.cpp">
      <Filter>Source Files\IE</Filter>
    </ClCompile>
    <ClCompile Include="MainUIUtil.cpp">
      <Filter>Source Files</Filter>
    </ClCompile>
    <ClCompile Include="IE\ProcessManager.cpp">
      <Filter>Source Files\IE</Filter>
    </ClCompile>
    <ClCompile Include="IE\ProcessData.cpp">
      <Filter>Source Files\IE</Filter>
    </ClCompile>
    <ClCompile Include="Module.cpp">
      <Filter>Source Files</Filter>
    </ClCompile>
    <ClCompile Include="TaskMain.cpp">
      <Filter>Source Files</Filter>
    </ClCompile>
    <ClCompile Include="MainFrame\MainFrame.cpp">
      <Filter>Source Files\MainFrame</Filter>
    </ClCompile>
  </ItemGroup>
  <ItemGroup>
    <ResourceCompile Include="SmartSurf.rc">
      <Filter>Resource Files</Filter>
    </ResourceCompile>
  </ItemGroup>
</Project>