<?xml version="1.0" encoding="utf-8"?>
<Project ToolsVersion="4.0" xmlns="http://schemas.microsoft.com/developer/msbuild/2003">
  <ItemGroup>
    <Filter Include="Resource Files">
      <UniqueIdentifier>{67DA6AB6-F800-4c08-8B7A-83BB121AAD01}</UniqueIdentifier>
      <Extensions>rc;ico;cur;bmp;dlg;rc2;rct;bin;rgs;gif;jpg;jpeg;jpe;resx;tiff;tif;png;wav;mfcribbon-ms</Extensions>
    </Filter>
    <Filter Include="src">
      <UniqueIdentifier>{383d283a-bdb1-4415-8eca-cc585eaaee3c}</UniqueIdentifier>
    </Filter>
    <Filter Include="src\strings">
      <UniqueIdentifier>{01d4e831-1b3c-4378-9da7-4fbe3522b40a}</UniqueIdentifier>
    </Filter>
  </ItemGroup>
  <ItemGroup>
    <ClInclude Include="strings\stringbuf.h">
      <Filter>src\strings</Filter>
    </ClInclude>
  </ItemGroup>
</Project>